
Microsoft Visual Studio Solution File, Format Version 12.00
# Visual Studio 15
VisualStudioVersion = 15.0.26014.0
MinimumVisualStudioVersion = 10.0.40219.1
Project("{FAE04EC0-301F-11D3-BF4B-00C04F79EFBC}") = "ScriptCs.Octokit", "src\ScriptCs.Octokit\ScriptCs.Octokit.csproj", "{97F549B0-B8AE-4908-850E-F36568124B95}"
EndProject
Project("{2150E333-8FDC-42A3-9474-1A3956D46DE8}") = "Build", "Build", "{6BF31CF2-BEC9-48A3-B565-3656F80C062B}"
	ProjectSection(SolutionItems) = preProject
		build.cmd = build.cmd
		build.fsx = build.fsx
		ReleaseNotes.md = ReleaseNotes.md
		ScriptCs.Octokit.nuspec = ScriptCs.Octokit.nuspec
	EndProjectSection
EndProject
Project("{2150E333-8FDC-42A3-9474-1A3956D46DE8}") = "Sample", "Sample", "{996696BD-24F9-40E8-AB75-36D2CC302E55}"
	ProjectSection(SolutionItems) = preProject
		src\ScriptCs.Octokit.Sample\run.cmd = src\ScriptCs.Octokit.Sample\run.cmd
		src\ScriptCs.Octokit.Sample\RunIntegrationTest.ps1 = src\ScriptCs.Octokit.Sample\RunIntegrationTest.ps1
		src\ScriptCs.Octokit.Sample\sample.csx = src\ScriptCs.Octokit.Sample\sample.csx
	EndProjectSection
EndProject
Project("{2150E333-8FDC-42A3-9474-1A3956D46DE8}") = "Solution", "Solution", "{9D48D6E6-6573-4236-9CB7-568751054E3B}"
	ProjectSection(SolutionItems) = preProject
		README.md = README.md
	EndProjectSection
EndProject
Global
	GlobalSection(SolutionConfigurationPlatforms) = preSolution
		Debug|Any CPU = Debug|Any CPU
		Release|Any CPU = Release|Any CPU
	EndGlobalSection
	GlobalSection(ProjectConfigurationPlatforms) = postSolution
		{97F549B0-B8AE-4908-850E-F36568124B95}.Debug|Any CPU.ActiveCfg = Debug|Any CPU
		{97F549B0-B8AE-4908-850E-F36568124B95}.Debug|Any CPU.Build.0 = Debug|Any CPU
		{97F549B0-B8AE-4908-850E-F36568124B95}.Release|Any CPU.ActiveCfg = Release|Any CPU
		{97F549B0-B8AE-4908-850E-F36568124B95}.Release|Any CPU.Build.0 = Release|Any CPU
	EndGlobalSection
	GlobalSection(SolutionProperties) = preSolution
		HideSolutionNode = FALSE
	EndGlobalSection
EndGlobal
